
Microsoft Visual Studio Solution File, Format Version 12.00
# Visual Studio Version 17
VisualStudioVersion = 17.0.32014.148
MinimumVisualStudioVersion = 10.0.40219.1
Project("{9A19103F-16F7-4668-BE54-9A1E7A4F7556}") = "Mirid", "Mirid\Mirid.csproj", "{F0637684-D6DF-423C-A4B7-8C0644BEEFEE}"
EndProject
Project("{9A19103F-16F7-4668-BE54-9A1E7A4F7556}") = "ReferenceSwitcher", "ReferenceSwitcher\ReferenceSwitcher.csproj", "{5918D3B0-2827-42CC-B0F4-DCC6FE35AD29}"
EndProject
Project("{9A19103F-16F7-4668-BE54-9A1E7A4F7556}") = "ActionGen", "ActionGen\ActionGen.csproj", "{4E8ED977-0F7C-4B89-B7CB-C8BEFEC8597A}"
EndProject
Project("{2150E333-8FDC-42A3-9474-1A3956D46DE8}") = "Notes", "Notes", "{320E7477-3F1E-4B1D-A5CD-F332D0CACD33}"
	ProjectSection(SolutionItems) = preProject
		Release_steps.md = Release_steps.md
		version.md = version.md
	EndProjectSection
EndProject
Project("{9A19103F-16F7-4668-BE54-9A1E7A4F7556}") = "Lanzamiento", "Lanzamiento\Lanzamiento.csproj", "{ABA06693-EDF3-4104-9410-465C8A9FEFA0}"
EndProject
Project("{9A19103F-16F7-4668-BE54-9A1E7A4F7556}") = "MeadowRepos", "MeadowRepos\MeadowRepos.csproj", "{77BA538C-2C97-478C-A83B-9D10C5DAED99}"
EndProject
Project("{9A19103F-16F7-4668-BE54-9A1E7A4F7556}") = "ExternalRefReaper", "ExternalRefReaper\ExternalRefReaper.csproj", "{17B550A1-7BEE-408E-A542-8954A5154EF9}"
EndProject
Project("{9A19103F-16F7-4668-BE54-9A1E7A4F7556}") = "Metafire", "Metafire\Metafire.csproj", "{5D27F2F1-55AB-4868-88E9-C1908F3C1678}"
EndProject
Project("{9A19103F-16F7-4668-BE54-9A1E7A4F7556}") = "Mirid.Core", "Mirid.Core\Mirid.Core.csproj", "{A024F626-5F7E-4F78-B647-2EE24D1B5FF2}"
EndProject
Project("{9A19103F-16F7-4668-BE54-9A1E7A4F7556}") = "Lectura", "Lectura\Lectura.csproj", "{D8A444F4-BA0B-4B48-A0BD-0A003F89DC53}"
EndProject
Project("{9A19103F-16F7-4668-BE54-9A1E7A4F7556}") = "Contribuir", "Contribuir\Contribuir.csproj", "{81D7BFF5-A52C-4BED-858B-1C3D8FADDBAE}"
EndProject
Global
	GlobalSection(SolutionConfigurationPlatforms) = preSolution
		Debug|Any CPU = Debug|Any CPU
		Release|Any CPU = Release|Any CPU
	EndGlobalSection
	GlobalSection(ProjectConfigurationPlatforms) = postSolution
		{F0637684-D6DF-423C-A4B7-8C0644BEEFEE}.Debug|Any CPU.ActiveCfg = Debug|Any CPU
		{F0637684-D6DF-423C-A4B7-8C0644BEEFEE}.Debug|Any CPU.Build.0 = Debug|Any CPU
		{F0637684-D6DF-423C-A4B7-8C0644BEEFEE}.Release|Any CPU.ActiveCfg = Release|Any CPU
		{F0637684-D6DF-423C-A4B7-8C0644BEEFEE}.Release|Any CPU.Build.0 = Release|Any CPU
		{5918D3B0-2827-42CC-B0F4-DCC6FE35AD29}.Debug|Any CPU.ActiveCfg = Debug|Any CPU
		{5918D3B0-2827-42CC-B0F4-DCC6FE35AD29}.Debug|Any CPU.Build.0 = Debug|Any CPU
		{5918D3B0-2827-42CC-B0F4-DCC6FE35AD29}.Release|Any CPU.ActiveCfg = Release|Any CPU
		{5918D3B0-2827-42CC-B0F4-DCC6FE35AD29}.Release|Any CPU.Build.0 = Release|Any CPU
		{4E8ED977-0F7C-4B89-B7CB-C8BEFEC8597A}.Debug|Any CPU.ActiveCfg = Debug|Any CPU
		{4E8ED977-0F7C-4B89-B7CB-C8BEFEC8597A}.Debug|Any CPU.Build.0 = Debug|Any CPU
		{4E8ED977-0F7C-4B89-B7CB-C8BEFEC8597A}.Release|Any CPU.ActiveCfg = Release|Any CPU
		{4E8ED977-0F7C-4B89-B7CB-C8BEFEC8597A}.Release|Any CPU.Build.0 = Release|Any CPU
		{ABA06693-EDF3-4104-9410-465C8A9FEFA0}.Debug|Any CPU.ActiveCfg = Debug|Any CPU
		{ABA06693-EDF3-4104-9410-465C8A9FEFA0}.Debug|Any CPU.Build.0 = Debug|Any CPU
		{ABA06693-EDF3-4104-9410-465C8A9FEFA0}.Release|Any CPU.ActiveCfg = Release|Any CPU
		{ABA06693-EDF3-4104-9410-465C8A9FEFA0}.Release|Any CPU.Build.0 = Release|Any CPU
		{77BA538C-2C97-478C-A83B-9D10C5DAED99}.Debug|Any CPU.ActiveCfg = Debug|Any CPU
		{77BA538C-2C97-478C-A83B-9D10C5DAED99}.Debug|Any CPU.Build.0 = Debug|Any CPU
		{77BA538C-2C97-478C-A83B-9D10C5DAED99}.Release|Any CPU.ActiveCfg = Release|Any CPU
		{77BA538C-2C97-478C-A83B-9D10C5DAED99}.Release|Any CPU.Build.0 = Release|Any CPU
		{17B550A1-7BEE-408E-A542-8954A5154EF9}.Debug|Any CPU.ActiveCfg = Debug|Any CPU
		{17B550A1-7BEE-408E-A542-8954A5154EF9}.Debug|Any CPU.Build.0 = Debug|Any CPU
		{17B550A1-7BEE-408E-A542-8954A5154EF9}.Release|Any CPU.ActiveCfg = Release|Any CPU
		{17B550A1-7BEE-408E-A542-8954A5154EF9}.Release|Any CPU.Build.0 = Release|Any CPU
		{5D27F2F1-55AB-4868-88E9-C1908F3C1678}.Debug|Any CPU.ActiveCfg = Debug|Any CPU
		{5D27F2F1-55AB-4868-88E9-C1908F3C1678}.Debug|Any CPU.Build.0 = Debug|Any CPU
		{5D27F2F1-55AB-4868-88E9-C1908F3C1678}.Release|Any CPU.ActiveCfg = Release|Any CPU
		{5D27F2F1-55AB-4868-88E9-C1908F3C1678}.Release|Any CPU.Build.0 = Release|Any CPU
		{A024F626-5F7E-4F78-B647-2EE24D1B5FF2}.Debug|Any CPU.ActiveCfg = Debug|Any CPU
		{A024F626-5F7E-4F78-B647-2EE24D1B5FF2}.Debug|Any CPU.Build.0 = Debug|Any CPU
		{A024F626-5F7E-4F78-B647-2EE24D1B5FF2}.Release|Any CPU.ActiveCfg = Release|Any CPU
		{A024F626-5F7E-4F78-B647-2EE24D1B5FF2}.Release|Any CPU.Build.0 = Release|Any CPU
		{D8A444F4-BA0B-4B48-A0BD-0A003F89DC53}.Debug|Any CPU.ActiveCfg = Debug|Any CPU
		{D8A444F4-BA0B-4B48-A0BD-0A003F89DC53}.Debug|Any CPU.Build.0 = Debug|Any CPU
		{D8A444F4-BA0B-4B48-A0BD-0A003F89DC53}.Release|Any CPU.ActiveCfg = Release|Any CPU
		{D8A444F4-BA0B-4B48-A0BD-0A003F89DC53}.Release|Any CPU.Build.0 = Release|Any CPU
		{81D7BFF5-A52C-4BED-858B-1C3D8FADDBAE}.Debug|Any CPU.ActiveCfg = Debug|Any CPU
		{81D7BFF5-A52C-4BED-858B-1C3D8FADDBAE}.Debug|Any CPU.Build.0 = Debug|Any CPU
		{81D7BFF5-A52C-4BED-858B-1C3D8FADDBAE}.Release|Any CPU.ActiveCfg = Release|Any CPU
		{81D7BFF5-A52C-4BED-858B-1C3D8FADDBAE}.Release|Any CPU.Build.0 = Release|Any CPU
	EndGlobalSection
	GlobalSection(SolutionProperties) = preSolution
		HideSolutionNode = FALSE
	EndGlobalSection
	GlobalSection(ExtensibilityGlobals) = postSolution
		SolutionGuid = {2327B271-C1D7-4670-82FB-58AF1138FA99}
	EndGlobalSection
EndGlobal
