
Microsoft Visual Studio Solution File, Format Version 12.00
# Visual Studio Version 17
VisualStudioVersion = 17.0.32014.148
MinimumVisualStudioVersion = 10.0.40219.1
Project("{9A19103F-16F7-4668-BE54-9A1E7A4F7556}") = "Mirid", "Mirid\Mirid.csproj", "{F0637684-D6DF-423C-A4B7-8C0644BEEFEE}"
EndProject
Project("{9A19103F-16F7-4668-BE54-9A1E7A4F7556}") = "ReferenceSwitcher", "ReferenceSwitcher\ReferenceSwitcher.csproj", "{5918D3B0-2827-42CC-B0F4-DCC6FE35AD29}"
EndProject
Project("{9A19103F-16F7-4668-BE54-9A1E7A4F7556}") = "ActionGen", "ActionGen\ActionGen.csproj", "{4E8ED977-0F7C-4B89-B7CB-C8BEFEC8597A}"
EndProject
Project("{2150E333-8FDC-42A3-9474-1A3956D46DE8}") = "Notes", "Notes", "{320E7477-3F1E-4B1D-A5CD-F332D0CACD33}"
	ProjectSection(SolutionItems) = preProject
		Release_steps.md = Release_steps.md
		version.md = version.md
	EndProjectSection
EndProject
Project("{FAE04EC0-301F-11D3-BF4B-00C04F79EFBC}") = "Lanzamiento", "Lanzamiento\Lanzamiento.csproj", "{ABA06693-EDF3-4104-9410-465C8A9FEFA0}"
EndProject
Project("{FAE04EC0-301F-11D3-BF4B-00C04F79EFBC}") = "MeadowRepos", "MeadowRepos\MeadowRepos.csproj", "{77BA538C-2C97-478C-A83B-9D10C5DAED99}"
EndProject
Global
	GlobalSection(SolutionConfigurationPlatforms) = preSolution
		Debug|Any CPU = Debug|Any CPU
		Release|Any CPU = Release|Any CPU
	EndGlobalSection
	GlobalSection(ProjectConfigurationPlatforms) = postSolution
		{F0637684-D6DF-423C-A4B7-8C0644BEEFEE}.Debug|Any CPU.ActiveCfg = Debug|Any CPU
		{F0637684-D6DF-423C-A4B7-8C0644BEEFEE}.Debug|Any CPU.Build.0 = Debug|Any CPU
		{F0637684-D6DF-423C-A4B7-8C0644BEEFEE}.Release|Any CPU.ActiveCfg = Release|Any CPU
		{F0637684-D6DF-423C-A4B7-8C0644BEEFEE}.Release|Any CPU.Build.0 = Release|Any CPU
		{5918D3B0-2827-42CC-B0F4-DCC6FE35AD29}.Debug|Any CPU.ActiveCfg = Debug|Any CPU
		{5918D3B0-2827-42CC-B0F4-DCC6FE35AD29}.Debug|Any CPU.Build.0 = Debug|Any CPU
		{5918D3B0-2827-42CC-B0F4-DCC6FE35AD29}.Release|Any CPU.ActiveCfg = Release|Any CPU
		{5918D3B0-2827-42CC-B0F4-DCC6FE35AD29}.Release|Any CPU.Build.0 = Release|Any CPU
		{4E8ED977-0F7C-4B89-B7CB-C8BEFEC8597A}.Debug|Any CPU.ActiveCfg = Debug|Any CPU
		{4E8ED977-0F7C-4B89-B7CB-C8BEFEC8597A}.Debug|Any CPU.Build.0 = Debug|Any CPU
		{4E8ED977-0F7C-4B89-B7CB-C8BEFEC8597A}.Release|Any CPU.ActiveCfg = Release|Any CPU
		{4E8ED977-0F7C-4B89-B7CB-C8BEFEC8597A}.Release|Any CPU.Build.0 = Release|Any CPU
		{ABA06693-EDF3-4104-9410-465C8A9FEFA0}.Debug|Any CPU.ActiveCfg = Debug|Any CPU
		{ABA06693-EDF3-4104-9410-465C8A9FEFA0}.Debug|Any CPU.Build.0 = Debug|Any CPU
		{ABA06693-EDF3-4104-9410-465C8A9FEFA0}.Release|Any CPU.ActiveCfg = Release|Any CPU
		{ABA06693-EDF3-4104-9410-465C8A9FEFA0}.Release|Any CPU.Build.0 = Release|Any CPU
		{77BA538C-2C97-478C-A83B-9D10C5DAED99}.Debug|Any CPU.ActiveCfg = Debug|Any CPU
		{77BA538C-2C97-478C-A83B-9D10C5DAED99}.Debug|Any CPU.Build.0 = Debug|Any CPU
		{77BA538C-2C97-478C-A83B-9D10C5DAED99}.Release|Any CPU.ActiveCfg = Release|Any CPU
		{77BA538C-2C97-478C-A83B-9D10C5DAED99}.Release|Any CPU.Build.0 = Release|Any CPU
	EndGlobalSection
	GlobalSection(SolutionProperties) = preSolution
		HideSolutionNode = FALSE
	EndGlobalSection
	GlobalSection(ExtensibilityGlobals) = postSolution
		SolutionGuid = {2327B271-C1D7-4670-82FB-58AF1138FA99}
	EndGlobalSection
EndGlobal
